<Solution>
  <Folder Name="/src/">
    <Project Path="src/Sgol.BuildingBlocks/Sgol.BuildingBlocks.csproj" />
    <Project Path="src/Sgol.Web/Sgol.Web.csproj" />
  </Folder>
  <Folder Name="/tests/">
    <Project Path="tests/Sgol.ArchitectureTests/Sgol.ArchitectureTests.csproj" />
    <Project Path="tests/Sgol.IntegrationTests/Sgol.IntegrationTests.csproj" />
    <Project Path="tests/Sgol.UnitTests/Sgol.UnitTests.csproj" />
  </Folder>
</Solution>
