<Solution>
  <Folder Name="/src/">
    <Project Path="src/Modules/Assignment/Sgol.Assignment.csproj" />
    <Project Path="src/Modules/Configuration/Sgol.Configuration.csproj" />
    <Project Path="src/Modules/Execution/Sgol.Execution.csproj" />
    <Project Path="src/Modules/Evidence/Sgol.Evidence.csproj" />
    <Project Path="src/Modules/Generation/Sgol.Generation.csproj" />
    <Project Path="src/Modules/Identity/Sgol.Identity.csproj" />
    <Project Path="src/Modules/Notifications/Sgol.Notifications.csproj" />
    <Project Path="src/Modules/Organization/Sgol.Organization.csproj" />
    <Project Path="src/Modules/Planning/Sgol.Planning.csproj" />
    <Project Path="src/Sgol.Admin/Sgol.Admin.csproj" />
    <Project Path="src/Sgol.BuildingBlocks/Sgol.BuildingBlocks.csproj" />
    <Project Path="src/Sgol.Operations/Sgol.Operations.csproj" />
    <Project Path="src/Sgol.Web/Sgol.Web.csproj" />
    <Project Path="src/Sgol.Worker/Sgol.Worker.csproj" />
  </Folder>
  <Folder Name="/tests/">
    <Project Path="tests/Sgol.ArchitectureTests/Sgol.ArchitectureTests.csproj" />
    <Project Path="tests/Sgol.Cv02Demo/Sgol.Cv02Demo.csproj" />
    <Project Path="tests/Sgol.Cv03Demo/Sgol.Cv03Demo.csproj" />
    <Project Path="tests/Sgol.IntegrationTests/Sgol.IntegrationTests.csproj" />
    <Project Path="tests/Sgol.OperationsIntegrationTests/Sgol.OperationsIntegrationTests.csproj" />
    <Project Path="tests/Sgol.EvidenceIntegrationTests/Sgol.EvidenceIntegrationTests.csproj" />
    <Project Path="tests/Sgol.UnitTests/Sgol.UnitTests.csproj" />
  </Folder>
</Solution>
